
Microsoft Visual Studio Solution File, Format Version 12.00
# Visual Studio Version 17
VisualStudioVersion = 17.2.32630.192
MinimumVisualStudioVersion = 10.0.40219.1
Project("{9A19103F-16F7-4668-BE54-9A1E7A4F7556}") = "Demo.Core", "src\Demo.Core\Demo.Core.csproj", "{AAD9D1A2-999B-4952-A693-8DDB1C9AC197}"
EndProject
Project("{9A19103F-16F7-4668-BE54-9A1E7A4F7556}") = "Demo.Business", "src\Demo.Business\Demo.Business.csproj", "{45DD2811-968C-43E8-AE73-55F721672D6F}"
EndProject
Project("{9A19103F-16F7-4668-BE54-9A1E7A4F7556}") = "Demo.Infrastructure", "src\Demo.Infrastructure\Demo.Infrastructure.csproj", "{7ABABA27-AD64-41DE-BD07-68ABFCAFA820}"
EndProject
Project("{9A19103F-16F7-4668-BE54-9A1E7A4F7556}") = "Demo.Api", "src\Demo.Api\Demo.Api.csproj", "{F198D448-78A4-4819-BF8C-7BF939F75C4D}"
EndProject
Project("{9A19103F-16F7-4668-BE54-9A1E7A4F7556}") = "Demo.Util", "src\Demo.Util\Demo.Util.csproj", "{8C57F989-C9EE-48EB-987B-A09C08B30558}"
EndProject
Project("{2150E333-8FDC-42A3-9474-1A3956D46DE8}") = "src", "src", "{9562AAEA-B542-442B-BC9F-DEBA4ACE9B29}"
EndProject
Project("{2150E333-8FDC-42A3-9474-1A3956D46DE8}") = "test", "test", "{AB717298-6244-4156-9168-0DFF5ACCF85C}"
EndProject
Project("{9A19103F-16F7-4668-BE54-9A1E7A4F7556}") = "Demo.Core.Tests", "test\Demo.Core.Tests\Demo.Core.Tests.csproj", "{9E252C87-6EA5-4121-9C8A-FA837D707EB4}"
EndProject
Project("{9A19103F-16F7-4668-BE54-9A1E7A4F7556}") = "Demo.Business.Tests", "test\Demo.Business.Tests\Demo.Business.Tests.csproj", "{6A6C07C9-688C-48D3-8C46-EC9FC3ABA76F}"
EndProject
Project("{9A19103F-16F7-4668-BE54-9A1E7A4F7556}") = "Demo.Infrastructure.Tests", "test\Demo.Infrastructure.Tests\Demo.Infrastructure.Tests.csproj", "{FC919C90-1A83-40BF-8555-368DB2A23F48}"
EndProject
Project("{9A19103F-16F7-4668-BE54-9A1E7A4F7556}") = "Demo.Api.Tests", "test\Demo.Api.Tests\Demo.Api.Tests.csproj", "{30E749DA-C60B-4C8F-B5D8-EFF281BECAB0}"
EndProject
Project("{2150E333-8FDC-42A3-9474-1A3956D46DE8}") = "Solution Items", "Solution Items", "{D15B0718-9DB3-4B81-831E-F571828573EB}"
	ProjectSection(SolutionItems) = preProject
		.editorconfig = .editorconfig
	EndProjectSection
EndProject
Global
	GlobalSection(SolutionConfigurationPlatforms) = preSolution
		Debug|Any CPU = Debug|Any CPU
		Release|Any CPU = Release|Any CPU
	EndGlobalSection
	GlobalSection(ProjectConfigurationPlatforms) = postSolution
		{AAD9D1A2-999B-4952-A693-8DDB1C9AC197}.Debug|Any CPU.ActiveCfg = Debug|Any CPU
		{AAD9D1A2-999B-4952-A693-8DDB1C9AC197}.Debug|Any CPU.Build.0 = Debug|Any CPU
		{AAD9D1A2-999B-4952-A693-8DDB1C9AC197}.Release|Any CPU.ActiveCfg = Release|Any CPU
		{AAD9D1A2-999B-4952-A693-8DDB1C9AC197}.Release|Any CPU.Build.0 = Release|Any CPU
		{45DD2811-968C-43E8-AE73-55F721672D6F}.Debug|Any CPU.ActiveCfg = Debug|Any CPU
		{45DD2811-968C-43E8-AE73-55F721672D6F}.Debug|Any CPU.Build.0 = Debug|Any CPU
		{45DD2811-968C-43E8-AE73-55F721672D6F}.Release|Any CPU.ActiveCfg = Release|Any CPU
		{45DD2811-968C-43E8-AE73-55F721672D6F}.Release|Any CPU.Build.0 = Release|Any CPU
		{7ABABA27-AD64-41DE-BD07-68ABFCAFA820}.Debug|Any CPU.ActiveCfg = Debug|Any CPU
		{7ABABA27-AD64-41DE-BD07-68ABFCAFA820}.Debug|Any CPU.Build.0 = Debug|Any CPU
		{7ABABA27-AD64-41DE-BD07-68ABFCAFA820}.Release|Any CPU.ActiveCfg = Release|Any CPU
		{7ABABA27-AD64-41DE-BD07-68ABFCAFA820}.Release|Any CPU.Build.0 = Release|Any CPU
		{F198D448-78A4-4819-BF8C-7BF939F75C4D}.Debug|Any CPU.ActiveCfg = Debug|Any CPU
		{F198D448-78A4-4819-BF8C-7BF939F75C4D}.Debug|Any CPU.Build.0 = Debug|Any CPU
		{F198D448-78A4-4819-BF8C-7BF939F75C4D}.Release|Any CPU.ActiveCfg = Release|Any CPU
		{F198D448-78A4-4819-BF8C-7BF939F75C4D}.Release|Any CPU.Build.0 = Release|Any CPU
		{8C57F989-C9EE-48EB-987B-A09C08B30558}.Debug|Any CPU.ActiveCfg = Debug|Any CPU
		{8C57F989-C9EE-48EB-987B-A09C08B30558}.Debug|Any CPU.Build.0 = Debug|Any CPU
		{8C57F989-C9EE-48EB-987B-A09C08B30558}.Release|Any CPU.ActiveCfg = Release|Any CPU
		{8C57F989-C9EE-48EB-987B-A09C08B30558}.Release|Any CPU.Build.0 = Release|Any CPU
		{9E252C87-6EA5-4121-9C8A-FA837D707EB4}.Debug|Any CPU.ActiveCfg = Debug|Any CPU
		{9E252C87-6EA5-4121-9C8A-FA837D707EB4}.Debug|Any CPU.Build.0 = Debug|Any CPU
		{9E252C87-6EA5-4121-9C8A-FA837D707EB4}.Release|Any CPU.ActiveCfg = Release|Any CPU
		{9E252C87-6EA5-4121-9C8A-FA837D707EB4}.Release|Any CPU.Build.0 = Release|Any CPU
		{6A6C07C9-688C-48D3-8C46-EC9FC3ABA76F}.Debug|Any CPU.ActiveCfg = Debug|Any CPU
		{6A6C07C9-688C-48D3-8C46-EC9FC3ABA76F}.Debug|Any CPU.Build.0 = Debug|Any CPU
		{6A6C07C9-688C-48D3-8C46-EC9FC3ABA76F}.Release|Any CPU.ActiveCfg = Release|Any CPU
		{6A6C07C9-688C-48D3-8C46-EC9FC3ABA76F}.Release|Any CPU.Build.0 = Release|Any CPU
		{FC919C90-1A83-40BF-8555-368DB2A23F48}.Debug|Any CPU.ActiveCfg = Debug|Any CPU
		{FC919C90-1A83-40BF-8555-368DB2A23F48}.Debug|Any CPU.Build.0 = Debug|Any CPU
		{FC919C90-1A83-40BF-8555-368DB2A23F48}.Release|Any CPU.ActiveCfg = Release|Any CPU
		{FC919C90-1A83-40BF-8555-368DB2A23F48}.Release|Any CPU.Build.0 = Release|Any CPU
		{30E749DA-C60B-4C8F-B5D8-EFF281BECAB0}.Debug|Any CPU.ActiveCfg = Debug|Any CPU
		{30E749DA-C60B-4C8F-B5D8-EFF281BECAB0}.Debug|Any CPU.Build.0 = Debug|Any CPU
		{30E749DA-C60B-4C8F-B5D8-EFF281BECAB0}.Release|Any CPU.ActiveCfg = Release|Any CPU
		{30E749DA-C60B-4C8F-B5D8-EFF281BECAB0}.Release|Any CPU.Build.0 = Release|Any CPU
	EndGlobalSection
	GlobalSection(SolutionProperties) = preSolution
		HideSolutionNode = FALSE
	EndGlobalSection
	GlobalSection(NestedProjects) = preSolution
		{AAD9D1A2-999B-4952-A693-8DDB1C9AC197} = {9562AAEA-B542-442B-BC9F-DEBA4ACE9B29}
		{45DD2811-968C-43E8-AE73-55F721672D6F} = {9562AAEA-B542-442B-BC9F-DEBA4ACE9B29}
		{7ABABA27-AD64-41DE-BD07-68ABFCAFA820} = {9562AAEA-B542-442B-BC9F-DEBA4ACE9B29}
		{F198D448-78A4-4819-BF8C-7BF939F75C4D} = {9562AAEA-B542-442B-BC9F-DEBA4ACE9B29}
		{8C57F989-C9EE-48EB-987B-A09C08B30558} = {9562AAEA-B542-442B-BC9F-DEBA4ACE9B29}
		{9E252C87-6EA5-4121-9C8A-FA837D707EB4} = {AB717298-6244-4156-9168-0DFF5ACCF85C}
		{6A6C07C9-688C-48D3-8C46-EC9FC3ABA76F} = {AB717298-6244-4156-9168-0DFF5ACCF85C}
		{FC919C90-1A83-40BF-8555-368DB2A23F48} = {AB717298-6244-4156-9168-0DFF5ACCF85C}
		{30E749DA-C60B-4C8F-B5D8-EFF281BECAB0} = {AB717298-6244-4156-9168-0DFF5ACCF85C}
	EndGlobalSection
	GlobalSection(ExtensibilityGlobals) = postSolution
		SolutionGuid = {A93D1FB9-6A3E-44D7-A370-6590DF9787F9}
	EndGlobalSection
EndGlobal
