
Microsoft Visual Studio Solution File, Format Version 12.00
# Visual Studio Version 16
VisualStudioVersion = 16.0.30804.86
MinimumVisualStudioVersion = 10.0.40219.1
Project("{9A19103F-16F7-4668-BE54-9A1E7A4F7556}") = "Demo.Core", "Demo.Core\Demo.Core.csproj", "{AAD9D1A2-999B-4952-A693-8DDB1C9AC197}"
EndProject
Project("{9A19103F-16F7-4668-BE54-9A1E7A4F7556}") = "Demo.Common", "Demo.Common\Demo.Common.csproj", "{AA49C5C4-6857-4946-89E0-D982C8FCDCA8}"
EndProject
Project("{9A19103F-16F7-4668-BE54-9A1E7A4F7556}") = "Demo.Application", "Demo.Application\Demo.Application.csproj", "{45DD2811-968C-43E8-AE73-55F721672D6F}"
EndProject
Project("{9A19103F-16F7-4668-BE54-9A1E7A4F7556}") = "Demo.Infrastructure", "Demo.Infrastructure\Demo.Infrastructure.csproj", "{7ABABA27-AD64-41DE-BD07-68ABFCAFA820}"
EndProject
Project("{FAE04EC0-301F-11D3-BF4B-00C04F79EFBC}") = "Demo.Api", "Demo.Api\Demo.Api.csproj", "{F198D448-78A4-4819-BF8C-7BF939F75C4D}"
EndProject
Global
	GlobalSection(SolutionConfigurationPlatforms) = preSolution
		Debug|Any CPU = Debug|Any CPU
		Release|Any CPU = Release|Any CPU
	EndGlobalSection
	GlobalSection(ProjectConfigurationPlatforms) = postSolution
		{AAD9D1A2-999B-4952-A693-8DDB1C9AC197}.Debug|Any CPU.ActiveCfg = Debug|Any CPU
		{AAD9D1A2-999B-4952-A693-8DDB1C9AC197}.Debug|Any CPU.Build.0 = Debug|Any CPU
		{AAD9D1A2-999B-4952-A693-8DDB1C9AC197}.Release|Any CPU.ActiveCfg = Release|Any CPU
		{AAD9D1A2-999B-4952-A693-8DDB1C9AC197}.Release|Any CPU.Build.0 = Release|Any CPU
		{AA49C5C4-6857-4946-89E0-D982C8FCDCA8}.Debug|Any CPU.ActiveCfg = Debug|Any CPU
		{AA49C5C4-6857-4946-89E0-D982C8FCDCA8}.Debug|Any CPU.Build.0 = Debug|Any CPU
		{AA49C5C4-6857-4946-89E0-D982C8FCDCA8}.Release|Any CPU.ActiveCfg = Release|Any CPU
		{AA49C5C4-6857-4946-89E0-D982C8FCDCA8}.Release|Any CPU.Build.0 = Release|Any CPU
		{45DD2811-968C-43E8-AE73-55F721672D6F}.Debug|Any CPU.ActiveCfg = Debug|Any CPU
		{45DD2811-968C-43E8-AE73-55F721672D6F}.Debug|Any CPU.Build.0 = Debug|Any CPU
		{45DD2811-968C-43E8-AE73-55F721672D6F}.Release|Any CPU.ActiveCfg = Release|Any CPU
		{45DD2811-968C-43E8-AE73-55F721672D6F}.Release|Any CPU.Build.0 = Release|Any CPU
		{7ABABA27-AD64-41DE-BD07-68ABFCAFA820}.Debug|Any CPU.ActiveCfg = Debug|Any CPU
		{7ABABA27-AD64-41DE-BD07-68ABFCAFA820}.Debug|Any CPU.Build.0 = Debug|Any CPU
		{7ABABA27-AD64-41DE-BD07-68ABFCAFA820}.Release|Any CPU.ActiveCfg = Release|Any CPU
		{7ABABA27-AD64-41DE-BD07-68ABFCAFA820}.Release|Any CPU.Build.0 = Release|Any CPU
		{F198D448-78A4-4819-BF8C-7BF939F75C4D}.Debug|Any CPU.ActiveCfg = Debug|Any CPU
		{F198D448-78A4-4819-BF8C-7BF939F75C4D}.Debug|Any CPU.Build.0 = Debug|Any CPU
		{F198D448-78A4-4819-BF8C-7BF939F75C4D}.Release|Any CPU.ActiveCfg = Release|Any CPU
		{F198D448-78A4-4819-BF8C-7BF939F75C4D}.Release|Any CPU.Build.0 = Release|Any CPU
	EndGlobalSection
	GlobalSection(SolutionProperties) = preSolution
		HideSolutionNode = FALSE
	EndGlobalSection
	GlobalSection(ExtensibilityGlobals) = postSolution
		SolutionGuid = {A93D1FB9-6A3E-44D7-A370-6590DF9787F9}
	EndGlobalSection
EndGlobal
